
Microsoft Visual Studio Solution File, Format Version 12.00
# Visual Studio 15
VisualStudioVersion = 15.0.26430.12
MinimumVisualStudioVersion = 10.0.40219.1
Project("{FAE04EC0-301F-11D3-BF4B-00C04F79EFBC}") = "Skystem.Challenge.Core", "Skystem.Challenge.Core\Skystem.Challenge.Core.csproj", "{528E537F-1FBA-4277-BF65-5AD13DC3E7BF}"
EndProject
Project("{FAE04EC0-301F-11D3-BF4B-00C04F79EFBC}") = "Skystem.Challenge.Service", "Skystem.Challenge.Service\Skystem.Challenge.Service.csproj", "{1FAEB000-7EE1-49E3-B1DD-F59910C459E9}"
EndProject
Global
	GlobalSection(SolutionConfigurationPlatforms) = preSolution
		Debug|Any CPU = Debug|Any CPU
		Release|Any CPU = Release|Any CPU
	EndGlobalSection
	GlobalSection(ProjectConfigurationPlatforms) = postSolution
		{528E537F-1FBA-4277-BF65-5AD13DC3E7BF}.Debug|Any CPU.ActiveCfg = Debug|Any CPU
		{528E537F-1FBA-4277-BF65-5AD13DC3E7BF}.Debug|Any CPU.Build.0 = Debug|Any CPU
		{528E537F-1FBA-4277-BF65-5AD13DC3E7BF}.Release|Any CPU.ActiveCfg = Release|Any CPU
		{528E537F-1FBA-4277-BF65-5AD13DC3E7BF}.Release|Any CPU.Build.0 = Release|Any CPU
		{1FAEB000-7EE1-49E3-B1DD-F59910C459E9}.Debug|Any CPU.ActiveCfg = Debug|Any CPU
		{1FAEB000-7EE1-49E3-B1DD-F59910C459E9}.Debug|Any CPU.Build.0 = Debug|Any CPU
		{1FAEB000-7EE1-49E3-B1DD-F59910C459E9}.Release|Any CPU.ActiveCfg = Release|Any CPU
		{1FAEB000-7EE1-49E3-B1DD-F59910C459E9}.Release|Any CPU.Build.0 = Release|Any CPU
	EndGlobalSection
	GlobalSection(SolutionProperties) = preSolution
		HideSolutionNode = FALSE
	EndGlobalSection
EndGlobal
